
Microsoft Visual Studio Solution File, Format Version 12.00
# Visual Studio 15
Project("{FAE04EC0-301F-11D3-BF4B-00C04F79EFBC}") = "PatternMVP", "PatternMVP\PatternMVP.csproj", "{5D834A4F-69DB-4497-AF9C-3C017439EABA}"
EndProject
Project("{FAE04EC0-301F-11D3-BF4B-00C04F79EFBC}") = "PatternMVP.Data", "PatternMVP.Data\PatternMVP.Data.csproj", "{92E86A0D-1B1D-4D06-A552-B13B7F8E2FA8}"
EndProject
Global
	GlobalSection(SolutionConfigurationPlatforms) = preSolution
		Debug|Any CPU = Debug|Any CPU
		Release|Any CPU = Release|Any CPU
	EndGlobalSection
	GlobalSection(ProjectConfigurationPlatforms) = postSolution
		{5D834A4F-69DB-4497-AF9C-3C017439EABA}.Debug|Any CPU.ActiveCfg = Debug|Any CPU
		{5D834A4F-69DB-4497-AF9C-3C017439EABA}.Debug|Any CPU.Build.0 = Debug|Any CPU
		{5D834A4F-69DB-4497-AF9C-3C017439EABA}.Release|Any CPU.ActiveCfg = Release|Any CPU
		{5D834A4F-69DB-4497-AF9C-3C017439EABA}.Release|Any CPU.Build.0 = Release|Any CPU
		{92E86A0D-1B1D-4D06-A552-B13B7F8E2FA8}.Debug|Any CPU.ActiveCfg = Debug|Any CPU
		{92E86A0D-1B1D-4D06-A552-B13B7F8E2FA8}.Debug|Any CPU.Build.0 = Debug|Any CPU
		{92E86A0D-1B1D-4D06-A552-B13B7F8E2FA8}.Release|Any CPU.ActiveCfg = Release|Any CPU
		{92E86A0D-1B1D-4D06-A552-B13B7F8E2FA8}.Release|Any CPU.Build.0 = Release|Any CPU
	EndGlobalSection
EndGlobal
